
Microsoft Visual Studio Solution File, Format Version 12.00
# Visual Studio Version 17
VisualStudioVersion = 17.4.33213.308
MinimumVisualStudioVersion = 10.0.40219.1
Project("{FAE04EC0-301F-11D3-BF4B-00C04F79EFBC}") = "ProtectedAccessModifier", "ProtectedAccessModifier\ProtectedAccessModifier.csproj", "{023A79FE-A63C-411A-B21B-951E57D47CAF}"
EndProject
Global
	GlobalSection(SolutionConfigurationPlatforms) = preSolution
		Debug|Any CPU = Debug|Any CPU
		Release|Any CPU = Release|Any CPU
	EndGlobalSection
	GlobalSection(ProjectConfigurationPlatforms) = postSolution
		{023A79FE-A63C-411A-B21B-951E57D47CAF}.Debug|Any CPU.ActiveCfg = Debug|Any CPU
		{023A79FE-A63C-411A-B21B-951E57D47CAF}.Debug|Any CPU.Build.0 = Debug|Any CPU
		{023A79FE-A63C-411A-B21B-951E57D47CAF}.Release|Any CPU.ActiveCfg = Release|Any CPU
		{023A79FE-A63C-411A-B21B-951E57D47CAF}.Release|Any CPU.Build.0 = Release|Any CPU
	EndGlobalSection
	GlobalSection(SolutionProperties) = preSolution
		HideSolutionNode = FALSE
	EndGlobalSection
	GlobalSection(ExtensibilityGlobals) = postSolution
		SolutionGuid = {13086C83-F0C7-46D7-AD67-E71A1E9ED4A5}
	EndGlobalSection
EndGlobal
