
Microsoft Visual Studio Solution File, Format Version 12.00
# Visual Studio Version 17
VisualStudioVersion = 17.4.33213.308
MinimumVisualStudioVersion = 10.0.40219.1
Project("{FAE04EC0-301F-11D3-BF4B-00C04F79EFBC}") = "Interface", "Interface\Interface.csproj", "{3B635E4C-C966-48D5-B8D3-2C2EA0ED1AE9}"
EndProject
Global
	GlobalSection(SolutionConfigurationPlatforms) = preSolution
		Debug|Any CPU = Debug|Any CPU
		Release|Any CPU = Release|Any CPU
	EndGlobalSection
	GlobalSection(ProjectConfigurationPlatforms) = postSolution
		{3B635E4C-C966-48D5-B8D3-2C2EA0ED1AE9}.Debug|Any CPU.ActiveCfg = Debug|Any CPU
		{3B635E4C-C966-48D5-B8D3-2C2EA0ED1AE9}.Debug|Any CPU.Build.0 = Debug|Any CPU
		{3B635E4C-C966-48D5-B8D3-2C2EA0ED1AE9}.Release|Any CPU.ActiveCfg = Release|Any CPU
		{3B635E4C-C966-48D5-B8D3-2C2EA0ED1AE9}.Release|Any CPU.Build.0 = Release|Any CPU
	EndGlobalSection
	GlobalSection(SolutionProperties) = preSolution
		HideSolutionNode = FALSE
	EndGlobalSection
	GlobalSection(ExtensibilityGlobals) = postSolution
		SolutionGuid = {0CA3E036-C906-4F99-8894-EF32B0902F41}
	EndGlobalSection
EndGlobal
