
Microsoft Visual Studio Solution File, Format Version 12.00
# Visual Studio Version 17
VisualStudioVersion = 17.4.33213.308
MinimumVisualStudioVersion = 10.0.40219.1
Project("{FAE04EC0-301F-11D3-BF4B-00C04F79EFBC}") = "ParameterizedConstructor", "ParameterizedConstructor\ParameterizedConstructor.csproj", "{EC6F9B8C-6CE0-4DC2-8449-09E3ED6F396D}"
EndProject
Global
	GlobalSection(SolutionConfigurationPlatforms) = preSolution
		Debug|Any CPU = Debug|Any CPU
		Release|Any CPU = Release|Any CPU
	EndGlobalSection
	GlobalSection(ProjectConfigurationPlatforms) = postSolution
		{EC6F9B8C-6CE0-4DC2-8449-09E3ED6F396D}.Debug|Any CPU.ActiveCfg = Debug|Any CPU
		{EC6F9B8C-6CE0-4DC2-8449-09E3ED6F396D}.Debug|Any CPU.Build.0 = Debug|Any CPU
		{EC6F9B8C-6CE0-4DC2-8449-09E3ED6F396D}.Release|Any CPU.ActiveCfg = Release|Any CPU
		{EC6F9B8C-6CE0-4DC2-8449-09E3ED6F396D}.Release|Any CPU.Build.0 = Release|Any CPU
	EndGlobalSection
	GlobalSection(SolutionProperties) = preSolution
		HideSolutionNode = FALSE
	EndGlobalSection
	GlobalSection(ExtensibilityGlobals) = postSolution
		SolutionGuid = {DF92B364-D418-4298-8D42-6BDE6CCCA5B6}
	EndGlobalSection
EndGlobal
